{
  "name": "typical",
  "version": "1.0.0",
  "lockfileVersion": 1,
  "dependencies": {
    "typescript": {
      "version": "2.5.0-dev.20170626",
      "resolved": "https://registry.npmjs.org/typescript/-/typescript-2.5.0-dev.20170626.tgz",
      "integrity": "sha1-E43Pbz4YhbZWvNZEUwXz354AObU="
    }
  }
}
