{
  "name": "typical",
  "version": "0.0.1",
  "lockfileVersion": 1,
  "requires": true,
  "dependencies": {
    "typescript": {
      "version": "2.5.0-dev.20170808",
      "resolved": "https://registry.npmjs.org/typescript/-/typescript-2.5.0-dev.20170808.tgz",
      "integrity": "sha512-Gb+2vCDs47CMtRzpoc41Uia4UDV4biDYZo9Z5nTwINftcI96FecFCQgJQAMLF8G4bKR4pwKmOuiSN1JyGInN3A=="
    }
  }
}
